
Microsoft Visual Studio Solution File, Format Version 12.00
# Visual Studio Version 17
VisualStudioVersion = 17.7.34031.279
MinimumVisualStudioVersion = 10.0.40219.1
Project("{F184B08F-C81C-45F6-A57F-5ABD9991F28F}") = "1.Intro to VB", "1.Intro to VB.vbproj", "{B056EF1D-AAE7-41B6-AA35-6CFE75CA148D}"
EndProject
Global
	GlobalSection(SolutionConfigurationPlatforms) = preSolution
		Debug|Any CPU = Debug|Any CPU
		Release|Any CPU = Release|Any CPU
	EndGlobalSection
	GlobalSection(ProjectConfigurationPlatforms) = postSolution
		{B056EF1D-AAE7-41B6-AA35-6CFE75CA148D}.Debug|Any CPU.ActiveCfg = Debug|Any CPU
		{B056EF1D-AAE7-41B6-AA35-6CFE75CA148D}.Debug|Any CPU.Build.0 = Debug|Any CPU
		{B056EF1D-AAE7-41B6-AA35-6CFE75CA148D}.Release|Any CPU.ActiveCfg = Release|Any CPU
		{B056EF1D-AAE7-41B6-AA35-6CFE75CA148D}.Release|Any CPU.Build.0 = Release|Any CPU
	EndGlobalSection
	GlobalSection(SolutionProperties) = preSolution
		HideSolutionNode = FALSE
	EndGlobalSection
	GlobalSection(ExtensibilityGlobals) = postSolution
		SolutionGuid = {97750F34-AD7D-4A30-AFEF-49A50D49F46C}
	EndGlobalSection
EndGlobal
